{
  "nodes": {
    "haumea": {
      "inputs": {
        "nixpkgs": [
          "nixpkgs"
        ]
      },
      "locked": {
        "lastModified": 1680886033,
        "narHash": "sha256-lArHqOn0SlRNQ1dEJx0WRjlmxvt22njC0B/coJU8XSg=",
        "owner": "nix-community",
        "repo": "haumea",
        "rev": "eb1c2879eb9f9197f045277690a7e97d989011f1",
        "type": "github"
      },
      "original": {
        "owner": "nix-community",
        "ref": "v0.1.1",
        "repo": "haumea",
        "type": "github"
      }
    },
    "nixpkgs": {
      "locked": {
        "lastModified": 1680758185,
        "narHash": "sha256-sCVWwfnk7zEX8Z+OItiH+pcSklrlsLZ4TJTtnxAYREw=",
        "owner": "nixos",
        "repo": "nixpkgs",
        "rev": "0e19daa510e47a40e06257e205965f3b96ce0ac9",
        "type": "github"
      },
      "original": {
        "owner": "nixos",
        "ref": "nixos-unstable",
        "repo": "nixpkgs",
        "type": "github"
      }
    },
    "root": {
      "inputs": {
        "haumea": "haumea",
        "nixpkgs": "nixpkgs"
      }
    }
  },
  "root": "root",
  "version": 7
}
